
Microsoft Visual Studio Solution File, Format Version 12.00
# Visual Studio 14
VisualStudioVersion = 14.0.25420.1
MinimumVisualStudioVersion = 10.0.40219.1
Project("{8BC9CEB8-8B4A-11D0-8D11-00A0C91BC942}") = "IDLib", "IDLib\IDLib.vcxproj", "{D9BF3324-C8F0-4A2F-8147-4693FCEAEF68}"
EndProject
Project("{8BC9CEB8-8B4A-11D0-8D11-00A0C91BC942}") = "IDServer", "IDServer\IDServer.vcxproj", "{031E095C-48A8-4660-AEF9-AF56AEC380C5}"
EndProject
Project("{8BC9CEB8-8B4A-11D0-8D11-00A0C91BC942}") = "IDClient", "IDClient\IDClient.vcxproj", "{9230E28C-568C-4CFD-AB3F-0E1F5DDADE67}"
EndProject
Global
	GlobalSection(SolutionConfigurationPlatforms) = preSolution
		Debug|x64 = Debug|x64
		Debug|x86 = Debug|x86
		Release|x64 = Release|x64
		Release|x86 = Release|x86
	EndGlobalSection
	GlobalSection(ProjectConfigurationPlatforms) = postSolution
		{D9BF3324-C8F0-4A2F-8147-4693FCEAEF68}.Debug|x64.ActiveCfg = Debug|x64
		{D9BF3324-C8F0-4A2F-8147-4693FCEAEF68}.Debug|x64.Build.0 = Debug|x64
		{D9BF3324-C8F0-4A2F-8147-4693FCEAEF68}.Debug|x86.ActiveCfg = Debug|Win32
		{D9BF3324-C8F0-4A2F-8147-4693FCEAEF68}.Debug|x86.Build.0 = Debug|Win32
		{D9BF3324-C8F0-4A2F-8147-4693FCEAEF68}.Release|x64.ActiveCfg = Release|x64
		{D9BF3324-C8F0-4A2F-8147-4693FCEAEF68}.Release|x64.Build.0 = Release|x64
		{D9BF3324-C8F0-4A2F-8147-4693FCEAEF68}.Release|x86.ActiveCfg = Release|Win32
		{D9BF3324-C8F0-4A2F-8147-4693FCEAEF68}.Release|x86.Build.0 = Release|Win32
		{031E095C-48A8-4660-AEF9-AF56AEC380C5}.Debug|x64.ActiveCfg = Debug|x64
		{031E095C-48A8-4660-AEF9-AF56AEC380C5}.Debug|x64.Build.0 = Debug|x64
		{031E095C-48A8-4660-AEF9-AF56AEC380C5}.Debug|x86.ActiveCfg = Debug|Win32
		{031E095C-48A8-4660-AEF9-AF56AEC380C5}.Debug|x86.Build.0 = Debug|Win32
		{031E095C-48A8-4660-AEF9-AF56AEC380C5}.Release|x64.ActiveCfg = Release|x64
		{031E095C-48A8-4660-AEF9-AF56AEC380C5}.Release|x64.Build.0 = Release|x64
		{031E095C-48A8-4660-AEF9-AF56AEC380C5}.Release|x86.ActiveCfg = Release|Win32
		{031E095C-48A8-4660-AEF9-AF56AEC380C5}.Release|x86.Build.0 = Release|Win32
		{9230E28C-568C-4CFD-AB3F-0E1F5DDADE67}.Debug|x64.ActiveCfg = Debug|x64
		{9230E28C-568C-4CFD-AB3F-0E1F5DDADE67}.Debug|x64.Build.0 = Debug|x64
		{9230E28C-568C-4CFD-AB3F-0E1F5DDADE67}.Debug|x86.ActiveCfg = Debug|Win32
		{9230E28C-568C-4CFD-AB3F-0E1F5DDADE67}.Debug|x86.Build.0 = Debug|Win32
		{9230E28C-568C-4CFD-AB3F-0E1F5DDADE67}.Release|x64.ActiveCfg = Release|x64
		{9230E28C-568C-4CFD-AB3F-0E1F5DDADE67}.Release|x64.Build.0 = Release|x64
		{9230E28C-568C-4CFD-AB3F-0E1F5DDADE67}.Release|x86.ActiveCfg = Release|Win32
		{9230E28C-568C-4CFD-AB3F-0E1F5DDADE67}.Release|x86.Build.0 = Release|Win32
	EndGlobalSection
	GlobalSection(SolutionProperties) = preSolution
		HideSolutionNode = FALSE
	EndGlobalSection
EndGlobal
